
Microsoft Visual Studio Solution File, Format Version 12.00
# Visual Studio Version 17
VisualStudioVersion = 17.4.33213.308
MinimumVisualStudioVersion = 10.0.40219.1
Project("{FAE04EC0-301F-11D3-BF4B-00C04F79EFBC}") = "PathfinderApp", "PathfinderApp.csproj", "{AFD74B79-8DAA-49E4-9451-6F1CCDC0FEAB}"
EndProject
Project("{FAE04EC0-301F-11D3-BF4B-00C04F79EFBC}") = "PathFinderTest", "PathFinderTest\PathFinderTest.csproj", "{A9AB31EE-CD57-4786-A318-13BC45B8B7A1}"
EndProject
Project("{FAE04EC0-301F-11D3-BF4B-00C04F79EFBC}") = "Pathfinder", "Pathfinder\Pathfinder.csproj", "{3DEE2ACE-3FD2-47ED-A339-EA26039AD69E}"
EndProject
Global
	GlobalSection(SolutionConfigurationPlatforms) = preSolution
		Debug|Any CPU = Debug|Any CPU
		Release|Any CPU = Release|Any CPU
	EndGlobalSection
	GlobalSection(ProjectConfigurationPlatforms) = postSolution
		{AFD74B79-8DAA-49E4-9451-6F1CCDC0FEAB}.Debug|Any CPU.ActiveCfg = Debug|Any CPU
		{AFD74B79-8DAA-49E4-9451-6F1CCDC0FEAB}.Debug|Any CPU.Build.0 = Debug|Any CPU
		{AFD74B79-8DAA-49E4-9451-6F1CCDC0FEAB}.Release|Any CPU.ActiveCfg = Release|Any CPU
		{AFD74B79-8DAA-49E4-9451-6F1CCDC0FEAB}.Release|Any CPU.Build.0 = Release|Any CPU
		{A9AB31EE-CD57-4786-A318-13BC45B8B7A1}.Debug|Any CPU.ActiveCfg = Debug|Any CPU
		{A9AB31EE-CD57-4786-A318-13BC45B8B7A1}.Debug|Any CPU.Build.0 = Debug|Any CPU
		{A9AB31EE-CD57-4786-A318-13BC45B8B7A1}.Release|Any CPU.ActiveCfg = Release|Any CPU
		{A9AB31EE-CD57-4786-A318-13BC45B8B7A1}.Release|Any CPU.Build.0 = Release|Any CPU
		{3DEE2ACE-3FD2-47ED-A339-EA26039AD69E}.Debug|Any CPU.ActiveCfg = Debug|Any CPU
		{3DEE2ACE-3FD2-47ED-A339-EA26039AD69E}.Debug|Any CPU.Build.0 = Debug|Any CPU
		{3DEE2ACE-3FD2-47ED-A339-EA26039AD69E}.Release|Any CPU.ActiveCfg = Release|Any CPU
		{3DEE2ACE-3FD2-47ED-A339-EA26039AD69E}.Release|Any CPU.Build.0 = Release|Any CPU
	EndGlobalSection
	GlobalSection(SolutionProperties) = preSolution
		HideSolutionNode = FALSE
	EndGlobalSection
	GlobalSection(ExtensibilityGlobals) = postSolution
		SolutionGuid = {D8EA4531-374B-418D-9269-02F580A5529F}
	EndGlobalSection
EndGlobal
